
Microsoft Visual Studio Solution File, Format Version 12.00
# Visual Studio 14
VisualStudioVersion = 14.0.25420.1
MinimumVisualStudioVersion = 10.0.40219.1
Project("{FAE04EC0-301F-11D3-BF4B-00C04F79EFBC}") = "Jewson.BranchData.WebApi", "Jewson.BranchData.WebApi\Jewson.BranchData.WebApi.csproj", "{6D995F08-BB6C-4730-84C7-F634012A734A}"
EndProject
Project("{FAE04EC0-301F-11D3-BF4B-00C04F79EFBC}") = "Jewson.BranchData.WebApi.Tests", "Jewson.BranchData.WebApi.Tests\Jewson.BranchData.WebApi.Tests.csproj", "{462D1B0F-2F44-41F4-8F33-547F5CB34E63}"
EndProject
Project("{FAE04EC0-301F-11D3-BF4B-00C04F79EFBC}") = "MvcApp", "MvcApp\MvcApp.csproj", "{ED1D6E46-035B-44CC-81C6-6BC784ABC17A}"
EndProject
Project("{FAE04EC0-301F-11D3-BF4B-00C04F79EFBC}") = "MvcApp.Tests", "MvcApp.Tests\MvcApp.Tests.csproj", "{20DE2356-1A5E-4537-A87A-778A522A5AED}"
EndProject
Global
	GlobalSection(SolutionConfigurationPlatforms) = preSolution
		Debug|Any CPU = Debug|Any CPU
		Release|Any CPU = Release|Any CPU
	EndGlobalSection
	GlobalSection(ProjectConfigurationPlatforms) = postSolution
		{6D995F08-BB6C-4730-84C7-F634012A734A}.Debug|Any CPU.ActiveCfg = Debug|Any CPU
		{6D995F08-BB6C-4730-84C7-F634012A734A}.Debug|Any CPU.Build.0 = Debug|Any CPU
		{6D995F08-BB6C-4730-84C7-F634012A734A}.Release|Any CPU.ActiveCfg = Release|Any CPU
		{6D995F08-BB6C-4730-84C7-F634012A734A}.Release|Any CPU.Build.0 = Release|Any CPU
		{462D1B0F-2F44-41F4-8F33-547F5CB34E63}.Debug|Any CPU.ActiveCfg = Debug|Any CPU
		{462D1B0F-2F44-41F4-8F33-547F5CB34E63}.Debug|Any CPU.Build.0 = Debug|Any CPU
		{462D1B0F-2F44-41F4-8F33-547F5CB34E63}.Release|Any CPU.ActiveCfg = Release|Any CPU
		{462D1B0F-2F44-41F4-8F33-547F5CB34E63}.Release|Any CPU.Build.0 = Release|Any CPU
		{ED1D6E46-035B-44CC-81C6-6BC784ABC17A}.Debug|Any CPU.ActiveCfg = Debug|Any CPU
		{ED1D6E46-035B-44CC-81C6-6BC784ABC17A}.Debug|Any CPU.Build.0 = Debug|Any CPU
		{ED1D6E46-035B-44CC-81C6-6BC784ABC17A}.Release|Any CPU.ActiveCfg = Release|Any CPU
		{ED1D6E46-035B-44CC-81C6-6BC784ABC17A}.Release|Any CPU.Build.0 = Release|Any CPU
		{20DE2356-1A5E-4537-A87A-778A522A5AED}.Debug|Any CPU.ActiveCfg = Debug|Any CPU
		{20DE2356-1A5E-4537-A87A-778A522A5AED}.Debug|Any CPU.Build.0 = Debug|Any CPU
		{20DE2356-1A5E-4537-A87A-778A522A5AED}.Release|Any CPU.ActiveCfg = Release|Any CPU
		{20DE2356-1A5E-4537-A87A-778A522A5AED}.Release|Any CPU.Build.0 = Release|Any CPU
	EndGlobalSection
	GlobalSection(SolutionProperties) = preSolution
		HideSolutionNode = FALSE
	EndGlobalSection
EndGlobal
